
Microsoft Visual Studio Solution File, Format Version 12.00
# Visual Studio 15
VisualStudioVersion = 15.0.28010.2046
MinimumVisualStudioVersion = 10.0.40219.1
Project("{FAE04EC0-301F-11D3-BF4B-00C04F79EFBC}") = "PerDemo", "PerDemo\PerDemo.csproj", "{9F7BCE7A-DFA9-4D10-BE23-45D92E4B70D1}"
EndProject
Project("{FAE04EC0-301F-11D3-BF4B-00C04F79EFBC}") = "MedalDemo", "MedalDemo\MedalDemo.csproj", "{180BBEC4-92CF-40E5-94E5-4118AB31ED8A}"
EndProject
Project("{FAE04EC0-301F-11D3-BF4B-00C04F79EFBC}") = "FileIODemo", "FileIODemo\FileIODemo.csproj", "{ABF66270-3EE3-402A-BE66-52FCBC565CF4}"
EndProject
Global
	GlobalSection(SolutionConfigurationPlatforms) = preSolution
		Debug|Any CPU = Debug|Any CPU
		Release|Any CPU = Release|Any CPU
	EndGlobalSection
	GlobalSection(ProjectConfigurationPlatforms) = postSolution
		{9F7BCE7A-DFA9-4D10-BE23-45D92E4B70D1}.Debug|Any CPU.ActiveCfg = Debug|Any CPU
		{9F7BCE7A-DFA9-4D10-BE23-45D92E4B70D1}.Debug|Any CPU.Build.0 = Debug|Any CPU
		{9F7BCE7A-DFA9-4D10-BE23-45D92E4B70D1}.Release|Any CPU.ActiveCfg = Release|Any CPU
		{9F7BCE7A-DFA9-4D10-BE23-45D92E4B70D1}.Release|Any CPU.Build.0 = Release|Any CPU
		{180BBEC4-92CF-40E5-94E5-4118AB31ED8A}.Debug|Any CPU.ActiveCfg = Debug|Any CPU
		{180BBEC4-92CF-40E5-94E5-4118AB31ED8A}.Debug|Any CPU.Build.0 = Debug|Any CPU
		{180BBEC4-92CF-40E5-94E5-4118AB31ED8A}.Release|Any CPU.ActiveCfg = Release|Any CPU
		{180BBEC4-92CF-40E5-94E5-4118AB31ED8A}.Release|Any CPU.Build.0 = Release|Any CPU
		{ABF66270-3EE3-402A-BE66-52FCBC565CF4}.Debug|Any CPU.ActiveCfg = Debug|Any CPU
		{ABF66270-3EE3-402A-BE66-52FCBC565CF4}.Debug|Any CPU.Build.0 = Debug|Any CPU
		{ABF66270-3EE3-402A-BE66-52FCBC565CF4}.Release|Any CPU.ActiveCfg = Release|Any CPU
		{ABF66270-3EE3-402A-BE66-52FCBC565CF4}.Release|Any CPU.Build.0 = Release|Any CPU
	EndGlobalSection
	GlobalSection(SolutionProperties) = preSolution
		HideSolutionNode = FALSE
	EndGlobalSection
	GlobalSection(ExtensibilityGlobals) = postSolution
		SolutionGuid = {6F10983A-E625-4943-9944-901DF5E9164C}
	EndGlobalSection
EndGlobal
